
Microsoft Visual Studio Solution File, Format Version 12.00
# Visual Studio Version 16
VisualStudioVersion = 16.0.30114.105
MinimumVisualStudioVersion = 10.0.40219.1
Project("{FAE04EC0-301F-11D3-BF4B-00C04F79EFBC}") = "QuanLyCuaHang_WebApp", "QuanLyCuaHang_WebApp.csproj", "{F5A9B3AB-9E41-4D1D-88D4-FB6AAF09D0C4}"
EndProject
Global
	GlobalSection(SolutionConfigurationPlatforms) = preSolution
		Debug|Any CPU = Debug|Any CPU
		Release|Any CPU = Release|Any CPU
	EndGlobalSection
	GlobalSection(ProjectConfigurationPlatforms) = postSolution
		{F5A9B3AB-9E41-4D1D-88D4-FB6AAF09D0C4}.Debug|Any CPU.ActiveCfg = Debug|Any CPU
		{F5A9B3AB-9E41-4D1D-88D4-FB6AAF09D0C4}.Debug|Any CPU.Build.0 = Debug|Any CPU
		{F5A9B3AB-9E41-4D1D-88D4-FB6AAF09D0C4}.Release|Any CPU.ActiveCfg = Release|Any CPU
		{F5A9B3AB-9E41-4D1D-88D4-FB6AAF09D0C4}.Release|Any CPU.Build.0 = Release|Any CPU
	EndGlobalSection
	GlobalSection(SolutionProperties) = preSolution
		HideSolutionNode = FALSE
	EndGlobalSection
	GlobalSection(ExtensibilityGlobals) = postSolution
		SolutionGuid = {C71B45C9-4022-44D7-936C-0409B24C1258}
	EndGlobalSection
EndGlobal
